// !$*UTF8*$!
{
	archiveVersion = 1;
	classes = {
	};
	objectVersion = 51;
	objects = {

/* Begin PBXBuildFile section */
		BD1E1E8D2663ABB300AB9F8C /* AppDelegate.swift in Sources */ = {isa = PBXBuildFile; fileRef = BD1E1E8C2663ABB300AB9F8C /* AppDelegate.swift */; };
		BD1E1E8F2663ABB300AB9F8C /* SceneDelegate.swift in Sources */ = {isa = PBXBuildFile; fileRef = BD1E1E8E2663ABB300AB9F8C /* SceneDelegate.swift */; };
		BD1E1E912663ABB300AB9F8C /* LoginViewController.swift in Sources */ = {isa = PBXBuildFile; fileRef = BD1E1E902663ABB300AB9F8C /* LoginViewController.swift */; };
		BD1E1E942663ABB300AB9F8C /* Main.storyboard in Resources */ = {isa = PBXBuildFile; fileRef = BD1E1E922663ABB300AB9F8C /* Main.storyboard */; };
		BD1E1E962663ABB700AB9F8C /* Assets.xcassets in Resources */ = {isa = PBXBuildFile; fileRef = BD1E1E952663ABB700AB9F8C /* Assets.xcassets */; };
		BD1E1E992663ABB700AB9F8C /* LaunchScreen.storyboard in Resources */ = {isa = PBXBuildFile; fileRef = BD1E1E972663ABB700AB9F8C /* LaunchScreen.storyboard */; };
		BD1E1EA12663AD7900AB9F8C /* ContactListViewController.swift in Sources */ = {isa = PBXBuildFile; fileRef = BD1E1EA02663AD7900AB9F8C /* ContactListViewController.swift */; };
		BD1E1EA32663AE7A00AB9F8C /* UserDataManager.swift in Sources */ = {isa = PBXBuildFile; fileRef = BD1E1EA22663AE7A00AB9F8C /* UserDataManager.swift */; };
		BD1E1EA62663C2A600AB9F8C /* RouterManager.swift in Sources */ = {isa = PBXBuildFile; fileRef = BD1E1EA52663C2A600AB9F8C /* RouterManager.swift */; };
		BD1E1EA82663D1FD00AB9F8C /* ContactCell.xib in Resources */ = {isa = PBXBuildFile; fileRef = BD1E1EA72663D1FD00AB9F8C /* ContactCell.xib */; };
		BD1E1EAA2663D20900AB9F8C /* ContactCell.swift in Sources */ = {isa = PBXBuildFile; fileRef = BD1E1EA92663D20900AB9F8C /* ContactCell.swift */; };
		BD1E1EAF2663D3A300AB9F8C /* ContactsDataManager.swift in Sources */ = {isa = PBXBuildFile; fileRef = BD1E1EAE2663D3A300AB9F8C /* ContactsDataManager.swift */; };
		E5C981369D77DAFF05C41DC7 /* Pods_BDemo.framework in Frameworks */ = {isa = PBXBuildFile; fileRef = 7D8C536A10816330EE972A2B /* Pods_BDemo.framework */; };
/* End PBXBuildFile section */

/* Begin PBXFileReference section */
		7D8C536A10816330EE972A2B /* Pods_BDemo.framework */ = {isa = PBXFileReference; explicitFileType = wrapper.framework; includeInIndex = 0; path = Pods_BDemo.framework; sourceTree = BUILT_PRODUCTS_DIR; };
		BD1E1E892663ABB300AB9F8C /* BDemo.app */ = {isa = PBXFileReference; explicitFileType = wrapper.application; includeInIndex = 0; path = BDemo.app; sourceTree = BUILT_PRODUCTS_DIR; };
		BD1E1E8C2663ABB300AB9F8C /* AppDelegate.swift */ = {isa = PBXFileReference; lastKnownFileType = sourcecode.swift; path = AppDelegate.swift; sourceTree = "<group>"; };
		BD1E1E8E2663ABB300AB9F8C /* SceneDelegate.swift */ = {isa = PBXFileReference; lastKnownFileType = sourcecode.swift; path = SceneDelegate.swift; sourceTree = "<group>"; };
		BD1E1E902663ABB300AB9F8C /* LoginViewController.swift */ = {isa = PBXFileReference; lastKnownFileType = sourcecode.swift; path = LoginViewController.swift; sourceTree = "<group>"; };
		BD1E1E932663ABB300AB9F8C /* Base */ = {isa = PBXFileReference; lastKnownFileType = file.storyboard; name = Base; path = Base.lproj/Main.storyboard; sourceTree = "<group>"; };
		BD1E1E952663ABB700AB9F8C /* Assets.xcassets */ = {isa = PBXFileReference; lastKnownFileType = folder.assetcatalog; path = Assets.xcassets; sourceTree = "<group>"; };
		BD1E1E982663ABB700AB9F8C /* Base */ = {isa = PBXFileReference; lastKnownFileType = file.storyboard; name = Base; path = Base.lproj/LaunchScreen.storyboard; sourceTree = "<group>"; };
		BD1E1E9A2663ABB700AB9F8C /* Info.plist */ = {isa = PBXFileReference; lastKnownFileType = text.plist.xml; path = Info.plist; sourceTree = "<group>"; };
		BD1E1EA02663AD7900AB9F8C /* ContactListViewController.swift */ = {isa = PBXFileReference; lastKnownFileType = sourcecode.swift; path = ContactListViewController.swift; sourceTree = "<group>"; };
		BD1E1EA22663AE7A00AB9F8C /* UserDataManager.swift */ = {isa = PBXFileReference; lastKnownFileType = sourcecode.swift; path = UserDataManager.swift; sourceTree = "<group>"; };
		BD1E1EA42663BE3300AB9F8C /* BDemo.entitlements */ = {isa = PBXFileReference; lastKnownFileType = text.plist.entitlements; path = BDemo.entitlements; sourceTree = "<group>"; };
		BD1E1EA52663C2A600AB9F8C /* RouterManager.swift */ = {isa = PBXFileReference; lastKnownFileType = sourcecode.swift; path = RouterManager.swift; sourceTree = "<group>"; };
		BD1E1EA72663D1FD00AB9F8C /* ContactCell.xib */ = {isa = PBXFileReference; lastKnownFileType = file.xib; path = ContactCell.xib; sourceTree = "<group>"; };
		BD1E1EA92663D20900AB9F8C /* ContactCell.swift */ = {isa = PBXFileReference; lastKnownFileType = sourcecode.swift; path = ContactCell.swift; sourceTree = "<group>"; };
		BD1E1EAE2663D3A300AB9F8C /* ContactsDataManager.swift */ = {isa = PBXFileReference; lastKnownFileType = sourcecode.swift; path = ContactsDataManager.swift; sourceTree = "<group>"; };
		C9C5F3E1784928E0445993BC /* Pods-BDemo.debug.xcconfig */ = {isa = PBXFileReference; includeInIndex = 1; lastKnownFileType = text.xcconfig; name = "Pods-BDemo.debug.xcconfig"; path = "Target Support Files/Pods-BDemo/Pods-BDemo.debug.xcconfig"; sourceTree = "<group>"; };
		FF9F08B62971EA3C8C69CA05 /* Pods-BDemo.release.xcconfig */ = {isa = PBXFileReference; includeInIndex = 1; lastKnownFileType = text.xcconfig; name = "Pods-BDemo.release.xcconfig"; path = "Target Support Files/Pods-BDemo/Pods-BDemo.release.xcconfig"; sourceTree = "<group>"; };
/* End PBXFileReference section */

/* Begin PBXFrameworksBuildPhase section */
		BD1E1E862663ABB300AB9F8C /* Frameworks */ = {
			isa = PBXFrameworksBuildPhase;
			buildActionMask = 2147483647;
			files = (
				E5C981369D77DAFF05C41DC7 /* Pods_BDemo.framework in Frameworks */,
			);
			runOnlyForDeploymentPostprocessing = 0;
		};
/* End PBXFrameworksBuildPhase section */

/* Begin PBXGroup section */
		3AE939FD5F87521F270D2E6E /* Pods */ = {
			isa = PBXGroup;
			children = (
				C9C5F3E1784928E0445993BC /* Pods-BDemo.debug.xcconfig */,
				FF9F08B62971EA3C8C69CA05 /* Pods-BDemo.release.xcconfig */,
			);
			path = Pods;
			sourceTree = "<group>";
		};
		7E6138B10BF030A6C61223FE /* Frameworks */ = {
			isa = PBXGroup;
			children = (
				7D8C536A10816330EE972A2B /* Pods_BDemo.framework */,
			);
			name = Frameworks;
			sourceTree = "<group>";
		};
		BD1E1E802663ABB300AB9F8C = {
			isa = PBXGroup;
			children = (
				BD1E1E8B2663ABB300AB9F8C /* BDemo */,
				BD1E1E8A2663ABB300AB9F8C /* Products */,
				3AE939FD5F87521F270D2E6E /* Pods */,
				7E6138B10BF030A6C61223FE /* Frameworks */,
			);
			sourceTree = "<group>";
		};
		BD1E1E8A2663ABB300AB9F8C /* Products */ = {
			isa = PBXGroup;
			children = (
				BD1E1E892663ABB300AB9F8C /* BDemo.app */,
			);
			name = Products;
			sourceTree = "<group>";
		};
		BD1E1E8B2663ABB300AB9F8C /* BDemo */ = {
			isa = PBXGroup;
			children = (
				BD1E1EAD2663D38300AB9F8C /* managers */,
				BD1E1EAC2663D37300AB9F8C /* cells */,
				BD1E1EAB2663D36600AB9F8C /* contacts */,
				BD1E1EA42663BE3300AB9F8C /* BDemo.entitlements */,
				BD1E1E8C2663ABB300AB9F8C /* AppDelegate.swift */,
				BD1E1E8E2663ABB300AB9F8C /* SceneDelegate.swift */,
				BD1E1E902663ABB300AB9F8C /* LoginViewController.swift */,
				BD1E1E922663ABB300AB9F8C /* Main.storyboard */,
				BD1E1E952663ABB700AB9F8C /* Assets.xcassets */,
				BD1E1E972663ABB700AB9F8C /* LaunchScreen.storyboard */,
				BD1E1E9A2663ABB700AB9F8C /* Info.plist */,
			);
			path = BDemo;
			sourceTree = "<group>";
		};
		BD1E1EAB2663D36600AB9F8C /* contacts */ = {
			isa = PBXGroup;
			children = (
				BD1E1EA02663AD7900AB9F8C /* ContactListViewController.swift */,
			);
			path = contacts;
			sourceTree = "<group>";
		};
		BD1E1EAC2663D37300AB9F8C /* cells */ = {
			isa = PBXGroup;
			children = (
				BD1E1EA72663D1FD00AB9F8C /* ContactCell.xib */,
				BD1E1EA92663D20900AB9F8C /* ContactCell.swift */,
			);
			path = cells;
			sourceTree = "<group>";
		};
		BD1E1EAD2663D38300AB9F8C /* managers */ = {
			isa = PBXGroup;
			children = (
				BD1E1EA22663AE7A00AB9F8C /* UserDataManager.swift */,
				BD1E1EA52663C2A600AB9F8C /* RouterManager.swift */,
				BD1E1EAE2663D3A300AB9F8C /* ContactsDataManager.swift */,
			);
			path = managers;
			sourceTree = "<group>";
		};
/* End PBXGroup section */

/* Begin PBXNativeTarget section */
		BD1E1E882663ABB300AB9F8C /* BDemo */ = {
			isa = PBXNativeTarget;
			buildConfigurationList = BD1E1E9D2663ABB700AB9F8C /* Build configuration list for PBXNativeTarget "BDemo" */;
			buildPhases = (
				F68B5CD48693EC6595C69357 /* [CP] Check Pods Manifest.lock */,
				BD1E1E852663ABB300AB9F8C /* Sources */,
				BD1E1E862663ABB300AB9F8C /* Frameworks */,
				BD1E1E872663ABB300AB9F8C /* Resources */,
				33856C4E5F678A35C05C6DAB /* [CP] Embed Pods Frameworks */,
			);
			buildRules = (
			);
			dependencies = (
			);
			name = BDemo;
			productName = BDemo;
			productReference = BD1E1E892663ABB300AB9F8C /* BDemo.app */;
			productType = "com.apple.product-type.application";
		};
/* End PBXNativeTarget section */

/* Begin PBXProject section */
		BD1E1E812663ABB300AB9F8C /* Project object */ = {
			isa = PBXProject;
			attributes = {
				LastSwiftUpdateCheck = 1250;
				LastUpgradeCheck = 1250;
				TargetAttributes = {
					BD1E1E882663ABB300AB9F8C = {
						CreatedOnToolsVersion = 12.5;
					};
				};
			};
			buildConfigurationList = BD1E1E842663ABB300AB9F8C /* Build configuration list for PBXProject "BDemo" */;
			compatibilityVersion = "Xcode 9.3";
			developmentRegion = en;
			hasScannedForEncodings = 0;
			knownRegions = (
				en,
				Base,
			);
			mainGroup = BD1E1E802663ABB300AB9F8C;
			productRefGroup = BD1E1E8A2663ABB300AB9F8C /* Products */;
			projectDirPath = "";
			projectRoot = "";
			targets = (
				BD1E1E882663ABB300AB9F8C /* BDemo */,
			);
		};
/* End PBXProject section */

/* Begin PBXResourcesBuildPhase section */
		BD1E1E872663ABB300AB9F8C /* Resources */ = {
			isa = PBXResourcesBuildPhase;
			buildActionMask = 2147483647;
			files = (
				BD1E1EA82663D1FD00AB9F8C /* ContactCell.xib in Resources */,
				BD1E1E992663ABB700AB9F8C /* LaunchScreen.storyboard in Resources */,
				BD1E1E962663ABB700AB9F8C /* Assets.xcassets in Resources */,
				BD1E1E942663ABB300AB9F8C /* Main.storyboard in Resources */,
			);
			runOnlyForDeploymentPostprocessing = 0;
		};
/* End PBXResourcesBuildPhase section */

/* Begin PBXShellScriptBuildPhase section */
		33856C4E5F678A35C05C6DAB /* [CP] Embed Pods Frameworks */ = {
			isa = PBXShellScriptBuildPhase;
			buildActionMask = 2147483647;
			files = (
			);
			inputFileListPaths = (
				"${PODS_ROOT}/Target Support Files/Pods-BDemo/Pods-BDemo-frameworks-${CONFIGURATION}-input-files.xcfilelist",
			);
			name = "[CP] Embed Pods Frameworks";
			outputFileListPaths = (
				"${PODS_ROOT}/Target Support Files/Pods-BDemo/Pods-BDemo-frameworks-${CONFIGURATION}-output-files.xcfilelist",
			);
			runOnlyForDeploymentPostprocessing = 0;
			shellPath = /bin/sh;
			shellScript = "\"${PODS_ROOT}/Target Support Files/Pods-BDemo/Pods-BDemo-frameworks.sh\"\n";
			showEnvVarsInLog = 0;
		};
		F68B5CD48693EC6595C69357 /* [CP] Check Pods Manifest.lock */ = {
			isa = PBXShellScriptBuildPhase;
			buildActionMask = 2147483647;
			files = (
			);
			inputFileListPaths = (
			);
			inputPaths = (
				"${PODS_PODFILE_DIR_PATH}/Podfile.lock",
				"${PODS_ROOT}/Manifest.lock",
			);
			name = "[CP] Check Pods Manifest.lock";
			outputFileListPaths = (
			);
			outputPaths = (
				"$(DERIVED_FILE_DIR)/Pods-BDemo-checkManifestLockResult.txt",
			);
			runOnlyForDeploymentPostprocessing = 0;
			shellPath = /bin/sh;
			shellScript = "diff \"${PODS_PODFILE_DIR_PATH}/Podfile.lock\" \"${PODS_ROOT}/Manifest.lock\" > /dev/null\nif [ $? != 0 ] ; then\n    # print error to STDERR\n    echo \"error: The sandbox is not in sync with the Podfile.lock. Run 'pod install' or update your CocoaPods installation.\" >&2\n    exit 1\nfi\n# This output is used by Xcode 'outputs' to avoid re-running this script phase.\necho \"SUCCESS\" > \"${SCRIPT_OUTPUT_FILE_0}\"\n";
			showEnvVarsInLog = 0;
		};
/* End PBXShellScriptBuildPhase section */

/* Begin PBXSourcesBuildPhase section */
		BD1E1E852663ABB300AB9F8C /* Sources */ = {
			isa = PBXSourcesBuildPhase;
			buildActionMask = 2147483647;
			files = (
				BD1E1EAF2663D3A300AB9F8C /* ContactsDataManager.swift in Sources */,
				BD1E1E912663ABB300AB9F8C /* LoginViewController.swift in Sources */,
				BD1E1EA12663AD7900AB9F8C /* ContactListViewController.swift in Sources */,
				BD1E1EA32663AE7A00AB9F8C /* UserDataManager.swift in Sources */,
				BD1E1E8D2663ABB300AB9F8C /* AppDelegate.swift in Sources */,
				BD1E1EA62663C2A600AB9F8C /* RouterManager.swift in Sources */,
				BD1E1EAA2663D20900AB9F8C /* ContactCell.swift in Sources */,
				BD1E1E8F2663ABB300AB9F8C /* SceneDelegate.swift in Sources */,
			);
			runOnlyForDeploymentPostprocessing = 0;
		};
/* End PBXSourcesBuildPhase section */

/* Begin PBXVariantGroup section */
		BD1E1E922663ABB300AB9F8C /* Main.storyboard */ = {
			isa = PBXVariantGroup;
			children = (
				BD1E1E932663ABB300AB9F8C /* Base */,
			);
			name = Main.storyboard;
			sourceTree = "<group>";
		};
		BD1E1E972663ABB700AB9F8C /* LaunchScreen.storyboard */ = {
			isa = PBXVariantGroup;
			children = (
				BD1E1E982663ABB700AB9F8C /* Base */,
			);
			name = LaunchScreen.storyboard;
			sourceTree = "<group>";
		};
/* End PBXVariantGroup section */

/* Begin XCBuildConfiguration section */
		BD1E1E9B2663ABB700AB9F8C /* Debug */ = {
			isa = XCBuildConfiguration;
			buildSettings = {
				ALWAYS_SEARCH_USER_PATHS = NO;
				CLANG_ANALYZER_NONNULL = YES;
				CLANG_ANALYZER_NUMBER_OBJECT_CONVERSION = YES_AGGRESSIVE;
				CLANG_CXX_LANGUAGE_STANDARD = "gnu++14";
				CLANG_CXX_LIBRARY = "libc++";
				CLANG_ENABLE_MODULES = YES;
				CLANG_ENABLE_OBJC_ARC = YES;
				CLANG_ENABLE_OBJC_WEAK = YES;
				CLANG_WARN_BLOCK_CAPTURE_AUTORELEASING = YES;
				CLANG_WARN_BOOL_CONVERSION = YES;
				CLANG_WARN_COMMA = YES;
				CLANG_WARN_CONSTANT_CONVERSION = YES;
				CLANG_WARN_DEPRECATED_OBJC_IMPLEMENTATIONS = YES;
				CLANG_WARN_DIRECT_OBJC_ISA_USAGE = YES_ERROR;
				CLANG_WARN_DOCUMENTATION_COMMENTS = YES;
				CLANG_WARN_EMPTY_BODY = YES;
				CLANG_WARN_ENUM_CONVERSION = YES;
				CLANG_WARN_INFINITE_RECURSION = YES;
				CLANG_WARN_INT_CONVERSION = YES;
				CLANG_WARN_NON_LITERAL_NULL_CONVERSION = YES;
				CLANG_WARN_OBJC_IMPLICIT_RETAIN_SELF = YES;
				CLANG_WARN_OBJC_LITERAL_CONVERSION = YES;
				CLANG_WARN_OBJC_ROOT_CLASS = YES_ERROR;
				CLANG_WARN_QUOTED_INCLUDE_IN_FRAMEWORK_HEADER = YES;
				CLANG_WARN_RANGE_LOOP_ANALYSIS = YES;
				CLANG_WARN_STRICT_PROTOTYPES = YES;
				CLANG_WARN_SUSPICIOUS_MOVE = YES;
				CLANG_WARN_UNGUARDED_AVAILABILITY = YES_AGGRESSIVE;
				CLANG_WARN_UNREACHABLE_CODE = YES;
				CLANG_WARN__DUPLICATE_METHOD_MATCH = YES;
				COPY_PHASE_STRIP = NO;
				DEBUG_INFORMATION_FORMAT = dwarf;
				ENABLE_STRICT_OBJC_MSGSEND = YES;
				ENABLE_TESTABILITY = YES;
				GCC_C_LANGUAGE_STANDARD = gnu11;
				GCC_DYNAMIC_NO_PIC = NO;
				GCC_NO_COMMON_BLOCKS = YES;
				GCC_OPTIMIZATION_LEVEL = 0;
				GCC_PREPROCESSOR_DEFINITIONS = (
					"DEBUG=1",
					"$(inherited)",
				);
				GCC_WARN_64_TO_32_BIT_CONVERSION = YES;
				GCC_WARN_ABOUT_RETURN_TYPE = YES_ERROR;
				GCC_WARN_UNDECLARED_SELECTOR = YES;
				GCC_WARN_UNINITIALIZED_AUTOS = YES_AGGRESSIVE;
				GCC_WARN_UNUSED_FUNCTION = YES;
				GCC_WARN_UNUSED_VARIABLE = YES;
				IPHONEOS_DEPLOYMENT_TARGET = 14.5;
				MTL_ENABLE_DEBUG_INFO = INCLUDE_SOURCE;
				MTL_FAST_MATH = YES;
				ONLY_ACTIVE_ARCH = YES;
				SDKROOT = iphoneos;
				SWIFT_ACTIVE_COMPILATION_CONDITIONS = DEBUG;
				SWIFT_OPTIMIZATION_LEVEL = "-Onone";
			};
			name = Debug;
		};
		BD1E1E9C2663ABB700AB9F8C /* Release */ = {
			isa = XCBuildConfiguration;
			buildSettings = {
				ALWAYS_SEARCH_USER_PATHS = NO;
				CLANG_ANALYZER_NONNULL = YES;
				CLANG_ANALYZER_NUMBER_OBJECT_CONVERSION = YES_AGGRESSIVE;
				CLANG_CXX_LANGUAGE_STANDARD = "gnu++14";
				CLANG_CXX_LIBRARY = "libc++";
				CLANG_ENABLE_MODULES = YES;
				CLANG_ENABLE_OBJC_ARC = YES;
				CLANG_ENABLE_OBJC_WEAK = YES;
				CLANG_WARN_BLOCK_CAPTURE_AUTORELEASING = YES;
				CLANG_WARN_BOOL_CONVERSION = YES;
				CLANG_WARN_COMMA = YES;
				CLANG_WARN_CONSTANT_CONVERSION = YES;
				CLANG_WARN_DEPRECATED_OBJC_IMPLEMENTATIONS = YES;
				CLANG_WARN_DIRECT_OBJC_ISA_USAGE = YES_ERROR;
				CLANG_WARN_DOCUMENTATION_COMMENTS = YES;
				CLANG_WARN_EMPTY_BODY = YES;
				CLANG_WARN_ENUM_CONVERSION = YES;
				CLANG_WARN_INFINITE_RECURSION = YES;
				CLANG_WARN_INT_CONVERSION = YES;
				CLANG_WARN_NON_LITERAL_NULL_CONVERSION = YES;
				CLANG_WARN_OBJC_IMPLICIT_RETAIN_SELF = YES;
				CLANG_WARN_OBJC_LITERAL_CONVERSION = YES;
				CLANG_WARN_OBJC_ROOT_CLASS = YES_ERROR;
				CLANG_WARN_QUOTED_INCLUDE_IN_FRAMEWORK_HEADER = YES;
				CLANG_WARN_RANGE_LOOP_ANALYSIS = YES;
				CLANG_WARN_STRICT_PROTOTYPES = YES;
				CLANG_WARN_SUSPICIOUS_MOVE = YES;
				CLANG_WARN_UNGUARDED_AVAILABILITY = YES_AGGRESSIVE;
				CLANG_WARN_UNREACHABLE_CODE = YES;
				CLANG_WARN__DUPLICATE_METHOD_MATCH = YES;
				COPY_PHASE_STRIP = NO;
				DEBUG_INFORMATION_FORMAT = "dwarf-with-dsym";
				ENABLE_NS_ASSERTIONS = NO;
				ENABLE_STRICT_OBJC_MSGSEND = YES;
				GCC_C_LANGUAGE_STANDARD = gnu11;
				GCC_NO_COMMON_BLOCKS = YES;
				GCC_WARN_64_TO_32_BIT_CONVERSION = YES;
				GCC_WARN_ABOUT_RETURN_TYPE = YES_ERROR;
				GCC_WARN_UNDECLARED_SELECTOR = YES;
				GCC_WARN_UNINITIALIZED_AUTOS = YES_AGGRESSIVE;
				GCC_WARN_UNUSED_FUNCTION = YES;
				GCC_WARN_UNUSED_VARIABLE = YES;
				IPHONEOS_DEPLOYMENT_TARGET = 14.5;
				MTL_ENABLE_DEBUG_INFO = NO;
				MTL_FAST_MATH = YES;
				SDKROOT = iphoneos;
				SWIFT_COMPILATION_MODE = wholemodule;
				SWIFT_OPTIMIZATION_LEVEL = "-O";
				VALIDATE_PRODUCT = YES;
			};
			name = Release;
		};
		BD1E1E9E2663ABB700AB9F8C /* Debug */ = {
			isa = XCBuildConfiguration;
			baseConfigurationReference = C9C5F3E1784928E0445993BC /* Pods-BDemo.debug.xcconfig */;
			buildSettings = {
				ASSETCATALOG_COMPILER_APPICON_NAME = AppIcon;
				ASSETCATALOG_COMPILER_GLOBAL_ACCENT_COLOR_NAME = AccentColor;
				CODE_SIGN_ENTITLEMENTS = BDemo/BDemo.entitlements;
				CODE_SIGN_STYLE = Automatic;
				DEVELOPMENT_TEAM = UUVDK94NSQ;
				INFOPLIST_FILE = BDemo/Info.plist;
				LD_RUNPATH_SEARCH_PATHS = (
					"$(inherited)",
					"@executable_path/Frameworks",
				);
				PRODUCT_BUNDLE_IDENTIFIER = private.BDemo;
				PRODUCT_NAME = "$(TARGET_NAME)";
				SWIFT_VERSION = 5.0;
				TARGETED_DEVICE_FAMILY = "1,2";
			};
			name = Debug;
		};
		BD1E1E9F2663ABB700AB9F8C /* Release */ = {
			isa = XCBuildConfiguration;
			baseConfigurationReference = FF9F08B62971EA3C8C69CA05 /* Pods-BDemo.release.xcconfig */;
			buildSettings = {
				ASSETCATALOG_COMPILER_APPICON_NAME = AppIcon;
				ASSETCATALOG_COMPILER_GLOBAL_ACCENT_COLOR_NAME = AccentColor;
				CODE_SIGN_ENTITLEMENTS = BDemo/BDemo.entitlements;
				CODE_SIGN_STYLE = Automatic;
				DEVELOPMENT_TEAM = UUVDK94NSQ;
				INFOPLIST_FILE = BDemo/Info.plist;
				LD_RUNPATH_SEARCH_PATHS = (
					"$(inherited)",
					"@executable_path/Frameworks",
				);
				PRODUCT_BUNDLE_IDENTIFIER = private.BDemo;
				PRODUCT_NAME = "$(TARGET_NAME)";
				SWIFT_VERSION = 5.0;
				TARGETED_DEVICE_FAMILY = "1,2";
			};
			name = Release;
		};
/* End XCBuildConfiguration section */

/* Begin XCConfigurationList section */
		BD1E1E842663ABB300AB9F8C /* Build configuration list for PBXProject "BDemo" */ = {
			isa = XCConfigurationList;
			buildConfigurations = (
				BD1E1E9B2663ABB700AB9F8C /* Debug */,
				BD1E1E9C2663ABB700AB9F8C /* Release */,
			);
			defaultConfigurationIsVisible = 0;
			defaultConfigurationName = Release;
		};
		BD1E1E9D2663ABB700AB9F8C /* Build configuration list for PBXNativeTarget "BDemo" */ = {
			isa = XCConfigurationList;
			buildConfigurations = (
				BD1E1E9E2663ABB700AB9F8C /* Debug */,
				BD1E1E9F2663ABB700AB9F8C /* Release */,
			);
			defaultConfigurationIsVisible = 0;
			defaultConfigurationName = Release;
		};
/* End XCConfigurationList section */
	};
	rootObject = BD1E1E812663ABB300AB9F8C /* Project object */;
}
