// !$*UTF8*$!
{
	archiveVersion = 1;
	classes = {
	};
	objectVersion = 51;
	objects = {

/* Begin PBXBuildFile section */
		BD1E1E8D2663ABB300AB9F8C /* AppDelegate.swift in Sources */ = {isa = PBXBuildFile; fileRef = BD1E1E8C2663ABB300AB9F8C /* AppDelegate.swift */; };
		BD1E1E8F2663ABB300AB9F8C /* SceneDelegate.swift in Sources */ = {isa = PBXBuildFile; fileRef = BD1E1E8E2663ABB300AB9F8C /* SceneDelegate.swift */; };
		BD1E1E912663ABB300AB9F8C /* LoginViewController.swift in Sources */ = {isa = PBXBuildFile; fileRef = BD1E1E902663ABB300AB9F8C /* LoginViewController.swift */; };
		BD1E1E942663ABB300AB9F8C /* Main.storyboard in Resources */ = {isa = PBXBuildFile; fileRef = BD1E1E922663ABB300AB9F8C /* Main.storyboard */; };
		BD1E1E962663ABB700AB9F8C /* Assets.xcassets in Resources */ = {isa = PBXBuildFile; fileRef = BD1E1E952663ABB700AB9F8C /* Assets.xcassets */; };
		BD1E1E992663ABB700AB9F8C /* LaunchScreen.storyboard in Resources */ = {isa = PBXBuildFile; fileRef = BD1E1E972663ABB700AB9F8C /* LaunchScreen.storyboard */; };
		BD1E1EA32663AE7A00AB9F8C /* UserDataManager.swift in Sources */ = {isa = PBXBuildFile; fileRef = BD1E1EA22663AE7A00AB9F8C /* UserDataManager.swift */; };
		BD1E1EA62663C2A600AB9F8C /* RouterManager.swift in Sources */ = {isa = PBXBuildFile; fileRef = BD1E1EA52663C2A600AB9F8C /* RouterManager.swift */; };
		BD1E1EAF2663D3A300AB9F8C /* ContactsDataManager.swift in Sources */ = {isa = PBXBuildFile; fileRef = BD1E1EAE2663D3A300AB9F8C /* ContactsDataManager.swift */; };
		BD1E1EB22667B4E000AB9F8C /* VideoRoomViewController.swift in Sources */ = {isa = PBXBuildFile; fileRef = BD1E1EB12667B4E000AB9F8C /* VideoRoomViewController.swift */; };
		BD1E1EB52667B7B000AB9F8C /* CameraView.swift in Sources */ = {isa = PBXBuildFile; fileRef = BD1E1EB42667B7B000AB9F8C /* CameraView.swift */; };
		BD1E1EB92667C1CC00AB9F8C /* Room.swift in Sources */ = {isa = PBXBuildFile; fileRef = BD1E1EB82667C1CC00AB9F8C /* Room.swift */; };
		BD1E1EBC2667C45500AB9F8C /* FriendUser.swift in Sources */ = {isa = PBXBuildFile; fileRef = BD1E1EBB2667C45500AB9F8C /* FriendUser.swift */; };
		BD1E1EBE2667C50B00AB9F8C /* Creator.swift in Sources */ = {isa = PBXBuildFile; fileRef = BD1E1EBD2667C50B00AB9F8C /* Creator.swift */; };
		BD1E1EC02667D04B00AB9F8C /* RoomView.swift in Sources */ = {isa = PBXBuildFile; fileRef = BD1E1EBF2667D04B00AB9F8C /* RoomView.swift */; };
		BD1E1EC8266814E700AB9F8C /* SimpleCell.swift in Sources */ = {isa = PBXBuildFile; fileRef = BD1E1EC7266814E700AB9F8C /* SimpleCell.swift */; };
		BD1E1ECA266814F600AB9F8C /* SimpleCell.xib in Resources */ = {isa = PBXBuildFile; fileRef = BD1E1EC9266814F600AB9F8C /* SimpleCell.xib */; };
		BD1E1ECF26681C4000AB9F8C /* ListController.swift in Sources */ = {isa = PBXBuildFile; fileRef = BD1E1ECE26681C4000AB9F8C /* ListController.swift */; };
		BD1E1ED62668290000AB9F8C /* ContactListViewController.swift in Sources */ = {isa = PBXBuildFile; fileRef = BD1E1ED32668290000AB9F8C /* ContactListViewController.swift */; };
		BD1E1ED72668290000AB9F8C /* MenuController.swift in Sources */ = {isa = PBXBuildFile; fileRef = BD1E1ED42668290000AB9F8C /* MenuController.swift */; };
		BD1E1ED82668290000AB9F8C /* RoomsViewController.swift in Sources */ = {isa = PBXBuildFile; fileRef = BD1E1ED52668290000AB9F8C /* RoomsViewController.swift */; };
		BD1E1EDB266829FD00AB9F8C /* MenuItem.swift in Sources */ = {isa = PBXBuildFile; fileRef = BD1E1EDA266829FD00AB9F8C /* MenuItem.swift */; };
		BD1E1EE42668411C00AB9F8C /* BDemoLoginTests.swift in Sources */ = {isa = PBXBuildFile; fileRef = BD1E1EE32668411C00AB9F8C /* BDemoLoginTests.swift */; };
		BD1E1EEC266EBB5F00AB9F8C /* BDemoRoomTest.swift in Sources */ = {isa = PBXBuildFile; fileRef = BD1E1EEB266EBB5F00AB9F8C /* BDemoRoomTest.swift */; };
		E5C981369D77DAFF05C41DC7 /* Pods_BDemo.framework in Frameworks */ = {isa = PBXBuildFile; fileRef = 7D8C536A10816330EE972A2B /* Pods_BDemo.framework */; };
/* End PBXBuildFile section */

/* Begin PBXContainerItemProxy section */
		BD1E1EE62668411C00AB9F8C /* PBXContainerItemProxy */ = {
			isa = PBXContainerItemProxy;
			containerPortal = BD1E1E812663ABB300AB9F8C /* Project object */;
			proxyType = 1;
			remoteGlobalIDString = BD1E1E882663ABB300AB9F8C;
			remoteInfo = BDemo;
		};
/* End PBXContainerItemProxy section */

/* Begin PBXFileReference section */
		7D8C536A10816330EE972A2B /* Pods_BDemo.framework */ = {isa = PBXFileReference; explicitFileType = wrapper.framework; includeInIndex = 0; path = Pods_BDemo.framework; sourceTree = BUILT_PRODUCTS_DIR; };
		BD1E1E892663ABB300AB9F8C /* BDemo.app */ = {isa = PBXFileReference; explicitFileType = wrapper.application; includeInIndex = 0; path = BDemo.app; sourceTree = BUILT_PRODUCTS_DIR; };
		BD1E1E8C2663ABB300AB9F8C /* AppDelegate.swift */ = {isa = PBXFileReference; lastKnownFileType = sourcecode.swift; path = AppDelegate.swift; sourceTree = "<group>"; };
		BD1E1E8E2663ABB300AB9F8C /* SceneDelegate.swift */ = {isa = PBXFileReference; lastKnownFileType = sourcecode.swift; path = SceneDelegate.swift; sourceTree = "<group>"; };
		BD1E1E902663ABB300AB9F8C /* LoginViewController.swift */ = {isa = PBXFileReference; lastKnownFileType = sourcecode.swift; path = LoginViewController.swift; sourceTree = "<group>"; };
		BD1E1E932663ABB300AB9F8C /* Base */ = {isa = PBXFileReference; lastKnownFileType = file.storyboard; name = Base; path = Base.lproj/Main.storyboard; sourceTree = "<group>"; };
		BD1E1E952663ABB700AB9F8C /* Assets.xcassets */ = {isa = PBXFileReference; lastKnownFileType = folder.assetcatalog; path = Assets.xcassets; sourceTree = "<group>"; };
		BD1E1E982663ABB700AB9F8C /* Base */ = {isa = PBXFileReference; lastKnownFileType = file.storyboard; name = Base; path = Base.lproj/LaunchScreen.storyboard; sourceTree = "<group>"; };
		BD1E1E9A2663ABB700AB9F8C /* Info.plist */ = {isa = PBXFileReference; lastKnownFileType = text.plist.xml; path = Info.plist; sourceTree = "<group>"; };
		BD1E1EA22663AE7A00AB9F8C /* UserDataManager.swift */ = {isa = PBXFileReference; lastKnownFileType = sourcecode.swift; path = UserDataManager.swift; sourceTree = "<group>"; };
		BD1E1EA52663C2A600AB9F8C /* RouterManager.swift */ = {isa = PBXFileReference; lastKnownFileType = sourcecode.swift; path = RouterManager.swift; sourceTree = "<group>"; };
		BD1E1EAE2663D3A300AB9F8C /* ContactsDataManager.swift */ = {isa = PBXFileReference; lastKnownFileType = sourcecode.swift; path = ContactsDataManager.swift; sourceTree = "<group>"; };
		BD1E1EB12667B4E000AB9F8C /* VideoRoomViewController.swift */ = {isa = PBXFileReference; lastKnownFileType = sourcecode.swift; path = VideoRoomViewController.swift; sourceTree = "<group>"; };
		BD1E1EB42667B7B000AB9F8C /* CameraView.swift */ = {isa = PBXFileReference; lastKnownFileType = sourcecode.swift; path = CameraView.swift; sourceTree = "<group>"; };
		BD1E1EB62667BD0700AB9F8C /* BDemo.entitlements */ = {isa = PBXFileReference; fileEncoding = 4; lastKnownFileType = text.plist.entitlements; path = BDemo.entitlements; sourceTree = "<group>"; };
		BD1E1EB82667C1CC00AB9F8C /* Room.swift */ = {isa = PBXFileReference; lastKnownFileType = sourcecode.swift; path = Room.swift; sourceTree = "<group>"; };
		BD1E1EBB2667C45500AB9F8C /* FriendUser.swift */ = {isa = PBXFileReference; lastKnownFileType = sourcecode.swift; path = FriendUser.swift; sourceTree = "<group>"; };
		BD1E1EBD2667C50B00AB9F8C /* Creator.swift */ = {isa = PBXFileReference; lastKnownFileType = sourcecode.swift; path = Creator.swift; sourceTree = "<group>"; };
		BD1E1EBF2667D04B00AB9F8C /* RoomView.swift */ = {isa = PBXFileReference; lastKnownFileType = sourcecode.swift; path = RoomView.swift; sourceTree = "<group>"; };
		BD1E1EC7266814E700AB9F8C /* SimpleCell.swift */ = {isa = PBXFileReference; lastKnownFileType = sourcecode.swift; path = SimpleCell.swift; sourceTree = "<group>"; };
		BD1E1EC9266814F600AB9F8C /* SimpleCell.xib */ = {isa = PBXFileReference; lastKnownFileType = file.xib; path = SimpleCell.xib; sourceTree = "<group>"; };
		BD1E1ECE26681C4000AB9F8C /* ListController.swift */ = {isa = PBXFileReference; lastKnownFileType = sourcecode.swift; path = ListController.swift; sourceTree = "<group>"; };
		BD1E1ED32668290000AB9F8C /* ContactListViewController.swift */ = {isa = PBXFileReference; fileEncoding = 4; lastKnownFileType = sourcecode.swift; path = ContactListViewController.swift; sourceTree = "<group>"; };
		BD1E1ED42668290000AB9F8C /* MenuController.swift */ = {isa = PBXFileReference; fileEncoding = 4; lastKnownFileType = sourcecode.swift; path = MenuController.swift; sourceTree = "<group>"; };
		BD1E1ED52668290000AB9F8C /* RoomsViewController.swift */ = {isa = PBXFileReference; fileEncoding = 4; lastKnownFileType = sourcecode.swift; path = RoomsViewController.swift; sourceTree = "<group>"; };
		BD1E1EDA266829FD00AB9F8C /* MenuItem.swift */ = {isa = PBXFileReference; lastKnownFileType = sourcecode.swift; path = MenuItem.swift; sourceTree = "<group>"; };
		BD1E1EE12668411C00AB9F8C /* BDemoTests.xctest */ = {isa = PBXFileReference; explicitFileType = wrapper.cfbundle; includeInIndex = 0; path = BDemoTests.xctest; sourceTree = BUILT_PRODUCTS_DIR; };
		BD1E1EE32668411C00AB9F8C /* BDemoLoginTests.swift */ = {isa = PBXFileReference; lastKnownFileType = sourcecode.swift; path = BDemoLoginTests.swift; sourceTree = "<group>"; };
		BD1E1EE52668411C00AB9F8C /* Info.plist */ = {isa = PBXFileReference; lastKnownFileType = text.plist.xml; path = Info.plist; sourceTree = "<group>"; };
		BD1E1EEB266EBB5F00AB9F8C /* BDemoRoomTest.swift */ = {isa = PBXFileReference; lastKnownFileType = sourcecode.swift; path = BDemoRoomTest.swift; sourceTree = "<group>"; };
		C9C5F3E1784928E0445993BC /* Pods-BDemo.debug.xcconfig */ = {isa = PBXFileReference; includeInIndex = 1; lastKnownFileType = text.xcconfig; name = "Pods-BDemo.debug.xcconfig"; path = "Target Support Files/Pods-BDemo/Pods-BDemo.debug.xcconfig"; sourceTree = "<group>"; };
		FF9F08B62971EA3C8C69CA05 /* Pods-BDemo.release.xcconfig */ = {isa = PBXFileReference; includeInIndex = 1; lastKnownFileType = text.xcconfig; name = "Pods-BDemo.release.xcconfig"; path = "Target Support Files/Pods-BDemo/Pods-BDemo.release.xcconfig"; sourceTree = "<group>"; };
/* End PBXFileReference section */

/* Begin PBXFrameworksBuildPhase section */
		BD1E1E862663ABB300AB9F8C /* Frameworks */ = {
			isa = PBXFrameworksBuildPhase;
			buildActionMask = 2147483647;
			files = (
				E5C981369D77DAFF05C41DC7 /* Pods_BDemo.framework in Frameworks */,
			);
			runOnlyForDeploymentPostprocessing = 0;
		};
		BD1E1EDE2668411C00AB9F8C /* Frameworks */ = {
			isa = PBXFrameworksBuildPhase;
			buildActionMask = 2147483647;
			files = (
			);
			runOnlyForDeploymentPostprocessing = 0;
		};
/* End PBXFrameworksBuildPhase section */

/* Begin PBXGroup section */
		3AE939FD5F87521F270D2E6E /* Pods */ = {
			isa = PBXGroup;
			children = (
				C9C5F3E1784928E0445993BC /* Pods-BDemo.debug.xcconfig */,
				FF9F08B62971EA3C8C69CA05 /* Pods-BDemo.release.xcconfig */,
			);
			path = Pods;
			sourceTree = "<group>";
		};
		7E6138B10BF030A6C61223FE /* Frameworks */ = {
			isa = PBXGroup;
			children = (
				7D8C536A10816330EE972A2B /* Pods_BDemo.framework */,
			);
			name = Frameworks;
			sourceTree = "<group>";
		};
		BD1E1E802663ABB300AB9F8C = {
			isa = PBXGroup;
			children = (
				BD1E1E8B2663ABB300AB9F8C /* BDemo */,
				BD1E1EE22668411C00AB9F8C /* BDemoTests */,
				BD1E1E8A2663ABB300AB9F8C /* Products */,
				3AE939FD5F87521F270D2E6E /* Pods */,
				7E6138B10BF030A6C61223FE /* Frameworks */,
			);
			sourceTree = "<group>";
		};
		BD1E1E8A2663ABB300AB9F8C /* Products */ = {
			isa = PBXGroup;
			children = (
				BD1E1E892663ABB300AB9F8C /* BDemo.app */,
				BD1E1EE12668411C00AB9F8C /* BDemoTests.xctest */,
			);
			name = Products;
			sourceTree = "<group>";
		};
		BD1E1E8B2663ABB300AB9F8C /* BDemo */ = {
			isa = PBXGroup;
			children = (
				BD1E1ED22668290000AB9F8C /* pages */,
				BD1E1ED0266828A400AB9F8C /* generics */,
				BD1E1EAD2663D38300AB9F8C /* managers */,
				BD1E1EAC2663D37300AB9F8C /* cells */,
				BD1E1E8C2663ABB300AB9F8C /* AppDelegate.swift */,
				BD1E1E8E2663ABB300AB9F8C /* SceneDelegate.swift */,
				BD1E1E922663ABB300AB9F8C /* Main.storyboard */,
				BD1E1EB62667BD0700AB9F8C /* BDemo.entitlements */,
				BD1E1E952663ABB700AB9F8C /* Assets.xcassets */,
				BD1E1E972663ABB700AB9F8C /* LaunchScreen.storyboard */,
				BD1E1E9A2663ABB700AB9F8C /* Info.plist */,
			);
			path = BDemo;
			sourceTree = "<group>";
		};
		BD1E1EAC2663D37300AB9F8C /* cells */ = {
			isa = PBXGroup;
			children = (
				BD1E1EC7266814E700AB9F8C /* SimpleCell.swift */,
				BD1E1EC9266814F600AB9F8C /* SimpleCell.xib */,
			);
			path = cells;
			sourceTree = "<group>";
		};
		BD1E1EAD2663D38300AB9F8C /* managers */ = {
			isa = PBXGroup;
			children = (
				BD1E1EA22663AE7A00AB9F8C /* UserDataManager.swift */,
				BD1E1EA52663C2A600AB9F8C /* RouterManager.swift */,
				BD1E1EAE2663D3A300AB9F8C /* ContactsDataManager.swift */,
			);
			path = managers;
			sourceTree = "<group>";
		};
		BD1E1EB02667B49C00AB9F8C /* videoRoom */ = {
			isa = PBXGroup;
			children = (
				BD1E1EC12667D05000AB9F8C /* roomView */,
				BD1E1EB72667C1BD00AB9F8C /* models */,
				BD1E1EB32667B78C00AB9F8C /* cameraView */,
				BD1E1EB12667B4E000AB9F8C /* VideoRoomViewController.swift */,
			);
			path = videoRoom;
			sourceTree = "<group>";
		};
		BD1E1EB32667B78C00AB9F8C /* cameraView */ = {
			isa = PBXGroup;
			children = (
				BD1E1EB42667B7B000AB9F8C /* CameraView.swift */,
			);
			path = cameraView;
			sourceTree = "<group>";
		};
		BD1E1EB72667C1BD00AB9F8C /* models */ = {
			isa = PBXGroup;
			children = (
				BD1E1EB82667C1CC00AB9F8C /* Room.swift */,
				BD1E1EBB2667C45500AB9F8C /* FriendUser.swift */,
				BD1E1EBD2667C50B00AB9F8C /* Creator.swift */,
			);
			path = models;
			sourceTree = "<group>";
		};
		BD1E1EC12667D05000AB9F8C /* roomView */ = {
			isa = PBXGroup;
			children = (
				BD1E1EBF2667D04B00AB9F8C /* RoomView.swift */,
			);
			path = roomView;
			sourceTree = "<group>";
		};
		BD1E1ED0266828A400AB9F8C /* generics */ = {
			isa = PBXGroup;
			children = (
				BD1E1ECE26681C4000AB9F8C /* ListController.swift */,
			);
			path = generics;
			sourceTree = "<group>";
		};
		BD1E1ED22668290000AB9F8C /* pages */ = {
			isa = PBXGroup;
			children = (
				BD1E1ED9266829EE00AB9F8C /* menu */,
				BD1E1EB02667B49C00AB9F8C /* videoRoom */,
				BD1E1ED32668290000AB9F8C /* ContactListViewController.swift */,
				BD1E1ED52668290000AB9F8C /* RoomsViewController.swift */,
				BD1E1E902663ABB300AB9F8C /* LoginViewController.swift */,
			);
			path = pages;
			sourceTree = "<group>";
		};
		BD1E1ED9266829EE00AB9F8C /* menu */ = {
			isa = PBXGroup;
			children = (
				BD1E1EDC26682D5500AB9F8C /* models */,
				BD1E1ED42668290000AB9F8C /* MenuController.swift */,
			);
			path = menu;
			sourceTree = "<group>";
		};
		BD1E1EDC26682D5500AB9F8C /* models */ = {
			isa = PBXGroup;
			children = (
				BD1E1EDA266829FD00AB9F8C /* MenuItem.swift */,
			);
			path = models;
			sourceTree = "<group>";
		};
		BD1E1EE22668411C00AB9F8C /* BDemoTests */ = {
			isa = PBXGroup;
			children = (
				BD1E1EE52668411C00AB9F8C /* Info.plist */,
				BD1E1EE32668411C00AB9F8C /* BDemoLoginTests.swift */,
				BD1E1EEB266EBB5F00AB9F8C /* BDemoRoomTest.swift */,
			);
			path = BDemoTests;
			sourceTree = "<group>";
		};
/* End PBXGroup section */

/* Begin PBXNativeTarget section */
		BD1E1E882663ABB300AB9F8C /* BDemo */ = {
			isa = PBXNativeTarget;
			buildConfigurationList = BD1E1E9D2663ABB700AB9F8C /* Build configuration list for PBXNativeTarget "BDemo" */;
			buildPhases = (
				F68B5CD48693EC6595C69357 /* [CP] Check Pods Manifest.lock */,
				BD1E1E852663ABB300AB9F8C /* Sources */,
				BD1E1E862663ABB300AB9F8C /* Frameworks */,
				BD1E1E872663ABB300AB9F8C /* Resources */,
				33856C4E5F678A35C05C6DAB /* [CP] Embed Pods Frameworks */,
			);
			buildRules = (
			);
			dependencies = (
			);
			name = BDemo;
			productName = BDemo;
			productReference = BD1E1E892663ABB300AB9F8C /* BDemo.app */;
			productType = "com.apple.product-type.application";
		};
		BD1E1EE02668411C00AB9F8C /* BDemoTests */ = {
			isa = PBXNativeTarget;
			buildConfigurationList = BD1E1EE82668411C00AB9F8C /* Build configuration list for PBXNativeTarget "BDemoTests" */;
			buildPhases = (
				BD1E1EDD2668411C00AB9F8C /* Sources */,
				BD1E1EDE2668411C00AB9F8C /* Frameworks */,
				BD1E1EDF2668411C00AB9F8C /* Resources */,
			);
			buildRules = (
			);
			dependencies = (
				BD1E1EE72668411C00AB9F8C /* PBXTargetDependency */,
			);
			name = BDemoTests;
			productName = BDemoTests;
			productReference = BD1E1EE12668411C00AB9F8C /* BDemoTests.xctest */;
			productType = "com.apple.product-type.bundle.unit-test";
		};
/* End PBXNativeTarget section */

/* Begin PBXProject section */
		BD1E1E812663ABB300AB9F8C /* Project object */ = {
			isa = PBXProject;
			attributes = {
				LastSwiftUpdateCheck = 1250;
				LastUpgradeCheck = 1250;
				TargetAttributes = {
					BD1E1E882663ABB300AB9F8C = {
						CreatedOnToolsVersion = 12.5;
					};
					BD1E1EE02668411C00AB9F8C = {
						CreatedOnToolsVersion = 12.5;
						TestTargetID = BD1E1E882663ABB300AB9F8C;
					};
				};
			};
			buildConfigurationList = BD1E1E842663ABB300AB9F8C /* Build configuration list for PBXProject "BDemo" */;
			compatibilityVersion = "Xcode 9.3";
			developmentRegion = en;
			hasScannedForEncodings = 0;
			knownRegions = (
				en,
				Base,
			);
			mainGroup = BD1E1E802663ABB300AB9F8C;
			productRefGroup = BD1E1E8A2663ABB300AB9F8C /* Products */;
			projectDirPath = "";
			projectRoot = "";
			targets = (
				BD1E1E882663ABB300AB9F8C /* BDemo */,
				BD1E1EE02668411C00AB9F8C /* BDemoTests */,
			);
		};
/* End PBXProject section */

/* Begin PBXResourcesBuildPhase section */
		BD1E1E872663ABB300AB9F8C /* Resources */ = {
			isa = PBXResourcesBuildPhase;
			buildActionMask = 2147483647;
			files = (
				BD1E1E992663ABB700AB9F8C /* LaunchScreen.storyboard in Resources */,
				BD1E1ECA266814F600AB9F8C /* SimpleCell.xib in Resources */,
				BD1E1E962663ABB700AB9F8C /* Assets.xcassets in Resources */,
				BD1E1E942663ABB300AB9F8C /* Main.storyboard in Resources */,
			);
			runOnlyForDeploymentPostprocessing = 0;
		};
		BD1E1EDF2668411C00AB9F8C /* Resources */ = {
			isa = PBXResourcesBuildPhase;
			buildActionMask = 2147483647;
			files = (
			);
			runOnlyForDeploymentPostprocessing = 0;
		};
/* End PBXResourcesBuildPhase section */

/* Begin PBXShellScriptBuildPhase section */
		33856C4E5F678A35C05C6DAB /* [CP] Embed Pods Frameworks */ = {
			isa = PBXShellScriptBuildPhase;
			buildActionMask = 2147483647;
			files = (
			);
			inputFileListPaths = (
				"${PODS_ROOT}/Target Support Files/Pods-BDemo/Pods-BDemo-frameworks-${CONFIGURATION}-input-files.xcfilelist",
			);
			name = "[CP] Embed Pods Frameworks";
			outputFileListPaths = (
				"${PODS_ROOT}/Target Support Files/Pods-BDemo/Pods-BDemo-frameworks-${CONFIGURATION}-output-files.xcfilelist",
			);
			runOnlyForDeploymentPostprocessing = 0;
			shellPath = /bin/sh;
			shellScript = "\"${PODS_ROOT}/Target Support Files/Pods-BDemo/Pods-BDemo-frameworks.sh\"\n";
			showEnvVarsInLog = 0;
		};
		F68B5CD48693EC6595C69357 /* [CP] Check Pods Manifest.lock */ = {
			isa = PBXShellScriptBuildPhase;
			buildActionMask = 2147483647;
			files = (
			);
			inputFileListPaths = (
			);
			inputPaths = (
				"${PODS_PODFILE_DIR_PATH}/Podfile.lock",
				"${PODS_ROOT}/Manifest.lock",
			);
			name = "[CP] Check Pods Manifest.lock";
			outputFileListPaths = (
			);
			outputPaths = (
				"$(DERIVED_FILE_DIR)/Pods-BDemo-checkManifestLockResult.txt",
			);
			runOnlyForDeploymentPostprocessing = 0;
			shellPath = /bin/sh;
			shellScript = "diff \"${PODS_PODFILE_DIR_PATH}/Podfile.lock\" \"${PODS_ROOT}/Manifest.lock\" > /dev/null\nif [ $? != 0 ] ; then\n    # print error to STDERR\n    echo \"error: The sandbox is not in sync with the Podfile.lock. Run 'pod install' or update your CocoaPods installation.\" >&2\n    exit 1\nfi\n# This output is used by Xcode 'outputs' to avoid re-running this script phase.\necho \"SUCCESS\" > \"${SCRIPT_OUTPUT_FILE_0}\"\n";
			showEnvVarsInLog = 0;
		};
/* End PBXShellScriptBuildPhase section */

/* Begin PBXSourcesBuildPhase section */
		BD1E1E852663ABB300AB9F8C /* Sources */ = {
			isa = PBXSourcesBuildPhase;
			buildActionMask = 2147483647;
			files = (
				BD1E1ED82668290000AB9F8C /* RoomsViewController.swift in Sources */,
				BD1E1EB22667B4E000AB9F8C /* VideoRoomViewController.swift in Sources */,
				BD1E1EAF2663D3A300AB9F8C /* ContactsDataManager.swift in Sources */,
				BD1E1E912663ABB300AB9F8C /* LoginViewController.swift in Sources */,
				BD1E1EC02667D04B00AB9F8C /* RoomView.swift in Sources */,
				BD1E1EB52667B7B000AB9F8C /* CameraView.swift in Sources */,
				BD1E1EC8266814E700AB9F8C /* SimpleCell.swift in Sources */,
				BD1E1EDB266829FD00AB9F8C /* MenuItem.swift in Sources */,
				BD1E1EA32663AE7A00AB9F8C /* UserDataManager.swift in Sources */,
				BD1E1EBE2667C50B00AB9F8C /* Creator.swift in Sources */,
				BD1E1ED72668290000AB9F8C /* MenuController.swift in Sources */,
				BD1E1ECF26681C4000AB9F8C /* ListController.swift in Sources */,
				BD1E1EBC2667C45500AB9F8C /* FriendUser.swift in Sources */,
				BD1E1E8D2663ABB300AB9F8C /* AppDelegate.swift in Sources */,
				BD1E1ED62668290000AB9F8C /* ContactListViewController.swift in Sources */,
				BD1E1EA62663C2A600AB9F8C /* RouterManager.swift in Sources */,
				BD1E1E8F2663ABB300AB9F8C /* SceneDelegate.swift in Sources */,
				BD1E1EB92667C1CC00AB9F8C /* Room.swift in Sources */,
			);
			runOnlyForDeploymentPostprocessing = 0;
		};
		BD1E1EDD2668411C00AB9F8C /* Sources */ = {
			isa = PBXSourcesBuildPhase;
			buildActionMask = 2147483647;
			files = (
				BD1E1EEC266EBB5F00AB9F8C /* BDemoRoomTest.swift in Sources */,
				BD1E1EE42668411C00AB9F8C /* BDemoLoginTests.swift in Sources */,
			);
			runOnlyForDeploymentPostprocessing = 0;
		};
/* End PBXSourcesBuildPhase section */

/* Begin PBXTargetDependency section */
		BD1E1EE72668411C00AB9F8C /* PBXTargetDependency */ = {
			isa = PBXTargetDependency;
			target = BD1E1E882663ABB300AB9F8C /* BDemo */;
			targetProxy = BD1E1EE62668411C00AB9F8C /* PBXContainerItemProxy */;
		};
/* End PBXTargetDependency section */

/* Begin PBXVariantGroup section */
		BD1E1E922663ABB300AB9F8C /* Main.storyboard */ = {
			isa = PBXVariantGroup;
			children = (
				BD1E1E932663ABB300AB9F8C /* Base */,
			);
			name = Main.storyboard;
			sourceTree = "<group>";
		};
		BD1E1E972663ABB700AB9F8C /* LaunchScreen.storyboard */ = {
			isa = PBXVariantGroup;
			children = (
				BD1E1E982663ABB700AB9F8C /* Base */,
			);
			name = LaunchScreen.storyboard;
			sourceTree = "<group>";
		};
/* End PBXVariantGroup section */

/* Begin XCBuildConfiguration section */
		BD1E1E9B2663ABB700AB9F8C /* Debug */ = {
			isa = XCBuildConfiguration;
			buildSettings = {
				ALWAYS_SEARCH_USER_PATHS = NO;
				CLANG_ANALYZER_NONNULL = YES;
				CLANG_ANALYZER_NUMBER_OBJECT_CONVERSION = YES_AGGRESSIVE;
				CLANG_CXX_LANGUAGE_STANDARD = "gnu++14";
				CLANG_CXX_LIBRARY = "libc++";
				CLANG_ENABLE_MODULES = YES;
				CLANG_ENABLE_OBJC_ARC = YES;
				CLANG_ENABLE_OBJC_WEAK = YES;
				CLANG_WARN_BLOCK_CAPTURE_AUTORELEASING = YES;
				CLANG_WARN_BOOL_CONVERSION = YES;
				CLANG_WARN_COMMA = YES;
				CLANG_WARN_CONSTANT_CONVERSION = YES;
				CLANG_WARN_DEPRECATED_OBJC_IMPLEMENTATIONS = YES;
				CLANG_WARN_DIRECT_OBJC_ISA_USAGE = YES_ERROR;
				CLANG_WARN_DOCUMENTATION_COMMENTS = YES;
				CLANG_WARN_EMPTY_BODY = YES;
				CLANG_WARN_ENUM_CONVERSION = YES;
				CLANG_WARN_INFINITE_RECURSION = YES;
				CLANG_WARN_INT_CONVERSION = YES;
				CLANG_WARN_NON_LITERAL_NULL_CONVERSION = YES;
				CLANG_WARN_OBJC_IMPLICIT_RETAIN_SELF = YES;
				CLANG_WARN_OBJC_LITERAL_CONVERSION = YES;
				CLANG_WARN_OBJC_ROOT_CLASS = YES_ERROR;
				CLANG_WARN_QUOTED_INCLUDE_IN_FRAMEWORK_HEADER = YES;
				CLANG_WARN_RANGE_LOOP_ANALYSIS = YES;
				CLANG_WARN_STRICT_PROTOTYPES = YES;
				CLANG_WARN_SUSPICIOUS_MOVE = YES;
				CLANG_WARN_UNGUARDED_AVAILABILITY = YES_AGGRESSIVE;
				CLANG_WARN_UNREACHABLE_CODE = YES;
				CLANG_WARN__DUPLICATE_METHOD_MATCH = YES;
				COPY_PHASE_STRIP = NO;
				DEBUG_INFORMATION_FORMAT = dwarf;
				ENABLE_STRICT_OBJC_MSGSEND = YES;
				ENABLE_TESTABILITY = YES;
				GCC_C_LANGUAGE_STANDARD = gnu11;
				GCC_DYNAMIC_NO_PIC = NO;
				GCC_NO_COMMON_BLOCKS = YES;
				GCC_OPTIMIZATION_LEVEL = 0;
				GCC_PREPROCESSOR_DEFINITIONS = (
					"DEBUG=1",
					"$(inherited)",
				);
				GCC_WARN_64_TO_32_BIT_CONVERSION = YES;
				GCC_WARN_ABOUT_RETURN_TYPE = YES_ERROR;
				GCC_WARN_UNDECLARED_SELECTOR = YES;
				GCC_WARN_UNINITIALIZED_AUTOS = YES_AGGRESSIVE;
				GCC_WARN_UNUSED_FUNCTION = YES;
				GCC_WARN_UNUSED_VARIABLE = YES;
				IPHONEOS_DEPLOYMENT_TARGET = 14.5;
				MTL_ENABLE_DEBUG_INFO = INCLUDE_SOURCE;
				MTL_FAST_MATH = YES;
				ONLY_ACTIVE_ARCH = YES;
				SDKROOT = iphoneos;
				SWIFT_ACTIVE_COMPILATION_CONDITIONS = DEBUG;
				SWIFT_OPTIMIZATION_LEVEL = "-Onone";
			};
			name = Debug;
		};
		BD1E1E9C2663ABB700AB9F8C /* Release */ = {
			isa = XCBuildConfiguration;
			buildSettings = {
				ALWAYS_SEARCH_USER_PATHS = NO;
				CLANG_ANALYZER_NONNULL = YES;
				CLANG_ANALYZER_NUMBER_OBJECT_CONVERSION = YES_AGGRESSIVE;
				CLANG_CXX_LANGUAGE_STANDARD = "gnu++14";
				CLANG_CXX_LIBRARY = "libc++";
				CLANG_ENABLE_MODULES = YES;
				CLANG_ENABLE_OBJC_ARC = YES;
				CLANG_ENABLE_OBJC_WEAK = YES;
				CLANG_WARN_BLOCK_CAPTURE_AUTORELEASING = YES;
				CLANG_WARN_BOOL_CONVERSION = YES;
				CLANG_WARN_COMMA = YES;
				CLANG_WARN_CONSTANT_CONVERSION = YES;
				CLANG_WARN_DEPRECATED_OBJC_IMPLEMENTATIONS = YES;
				CLANG_WARN_DIRECT_OBJC_ISA_USAGE = YES_ERROR;
				CLANG_WARN_DOCUMENTATION_COMMENTS = YES;
				CLANG_WARN_EMPTY_BODY = YES;
				CLANG_WARN_ENUM_CONVERSION = YES;
				CLANG_WARN_INFINITE_RECURSION = YES;
				CLANG_WARN_INT_CONVERSION = YES;
				CLANG_WARN_NON_LITERAL_NULL_CONVERSION = YES;
				CLANG_WARN_OBJC_IMPLICIT_RETAIN_SELF = YES;
				CLANG_WARN_OBJC_LITERAL_CONVERSION = YES;
				CLANG_WARN_OBJC_ROOT_CLASS = YES_ERROR;
				CLANG_WARN_QUOTED_INCLUDE_IN_FRAMEWORK_HEADER = YES;
				CLANG_WARN_RANGE_LOOP_ANALYSIS = YES;
				CLANG_WARN_STRICT_PROTOTYPES = YES;
				CLANG_WARN_SUSPICIOUS_MOVE = YES;
				CLANG_WARN_UNGUARDED_AVAILABILITY = YES_AGGRESSIVE;
				CLANG_WARN_UNREACHABLE_CODE = YES;
				CLANG_WARN__DUPLICATE_METHOD_MATCH = YES;
				COPY_PHASE_STRIP = NO;
				DEBUG_INFORMATION_FORMAT = "dwarf-with-dsym";
				ENABLE_NS_ASSERTIONS = NO;
				ENABLE_STRICT_OBJC_MSGSEND = YES;
				GCC_C_LANGUAGE_STANDARD = gnu11;
				GCC_NO_COMMON_BLOCKS = YES;
				GCC_WARN_64_TO_32_BIT_CONVERSION = YES;
				GCC_WARN_ABOUT_RETURN_TYPE = YES_ERROR;
				GCC_WARN_UNDECLARED_SELECTOR = YES;
				GCC_WARN_UNINITIALIZED_AUTOS = YES_AGGRESSIVE;
				GCC_WARN_UNUSED_FUNCTION = YES;
				GCC_WARN_UNUSED_VARIABLE = YES;
				IPHONEOS_DEPLOYMENT_TARGET = 14.5;
				MTL_ENABLE_DEBUG_INFO = NO;
				MTL_FAST_MATH = YES;
				SDKROOT = iphoneos;
				SWIFT_COMPILATION_MODE = wholemodule;
				SWIFT_OPTIMIZATION_LEVEL = "-O";
				VALIDATE_PRODUCT = YES;
			};
			name = Release;
		};
		BD1E1E9E2663ABB700AB9F8C /* Debug */ = {
			isa = XCBuildConfiguration;
			baseConfigurationReference = C9C5F3E1784928E0445993BC /* Pods-BDemo.debug.xcconfig */;
			buildSettings = {
				ASSETCATALOG_COMPILER_APPICON_NAME = AppIcon;
				ASSETCATALOG_COMPILER_GLOBAL_ACCENT_COLOR_NAME = AccentColor;
				CODE_SIGN_ENTITLEMENTS = BDemo/BDemo.entitlements;
				CODE_SIGN_IDENTITY = "iPhone Developer";
				CODE_SIGN_STYLE = Manual;
				DEVELOPMENT_TEAM = UUVDK94NSQ;
				INFOPLIST_FILE = BDemo/Info.plist;
				LD_RUNPATH_SEARCH_PATHS = (
					"$(inherited)",
					"@executable_path/Frameworks",
				);
				PRODUCT_BUNDLE_IDENTIFIER = private.BDemo;
				PRODUCT_NAME = "$(TARGET_NAME)";
				PROVISIONING_PROFILE_SPECIFIER = BDemo;
				SWIFT_VERSION = 5.0;
				TARGETED_DEVICE_FAMILY = "1,2";
			};
			name = Debug;
		};
		BD1E1E9F2663ABB700AB9F8C /* Release */ = {
			isa = XCBuildConfiguration;
			baseConfigurationReference = FF9F08B62971EA3C8C69CA05 /* Pods-BDemo.release.xcconfig */;
			buildSettings = {
				ASSETCATALOG_COMPILER_APPICON_NAME = AppIcon;
				ASSETCATALOG_COMPILER_GLOBAL_ACCENT_COLOR_NAME = AccentColor;
				CODE_SIGN_ENTITLEMENTS = BDemo/BDemo.entitlements;
				CODE_SIGN_IDENTITY = "iPhone Developer";
				CODE_SIGN_STYLE = Manual;
				DEVELOPMENT_TEAM = UUVDK94NSQ;
				INFOPLIST_FILE = BDemo/Info.plist;
				LD_RUNPATH_SEARCH_PATHS = (
					"$(inherited)",
					"@executable_path/Frameworks",
				);
				PRODUCT_BUNDLE_IDENTIFIER = private.BDemo;
				PRODUCT_NAME = "$(TARGET_NAME)";
				PROVISIONING_PROFILE_SPECIFIER = BDemo;
				SWIFT_VERSION = 5.0;
				TARGETED_DEVICE_FAMILY = "1,2";
			};
			name = Release;
		};
		BD1E1EE92668411C00AB9F8C /* Debug */ = {
			isa = XCBuildConfiguration;
			buildSettings = {
				BUNDLE_LOADER = "$(TEST_HOST)";
				CODE_SIGN_STYLE = Automatic;
				DEVELOPMENT_TEAM = UUVDK94NSQ;
				INFOPLIST_FILE = BDemoTests/Info.plist;
				LD_RUNPATH_SEARCH_PATHS = (
					"$(inherited)",
					"@executable_path/Frameworks",
					"@loader_path/Frameworks",
				);
				PRODUCT_BUNDLE_IDENTIFIER = private.BDemoTests;
				PRODUCT_NAME = "$(TARGET_NAME)";
				SWIFT_VERSION = 5.0;
				TARGETED_DEVICE_FAMILY = "1,2";
				TEST_HOST = "$(BUILT_PRODUCTS_DIR)/BDemo.app/BDemo";
			};
			name = Debug;
		};
		BD1E1EEA2668411C00AB9F8C /* Release */ = {
			isa = XCBuildConfiguration;
			buildSettings = {
				BUNDLE_LOADER = "$(TEST_HOST)";
				CODE_SIGN_STYLE = Automatic;
				DEVELOPMENT_TEAM = UUVDK94NSQ;
				INFOPLIST_FILE = BDemoTests/Info.plist;
				LD_RUNPATH_SEARCH_PATHS = (
					"$(inherited)",
					"@executable_path/Frameworks",
					"@loader_path/Frameworks",
				);
				PRODUCT_BUNDLE_IDENTIFIER = private.BDemoTests;
				PRODUCT_NAME = "$(TARGET_NAME)";
				SWIFT_VERSION = 5.0;
				TARGETED_DEVICE_FAMILY = "1,2";
				TEST_HOST = "$(BUILT_PRODUCTS_DIR)/BDemo.app/BDemo";
			};
			name = Release;
		};
/* End XCBuildConfiguration section */

/* Begin XCConfigurationList section */
		BD1E1E842663ABB300AB9F8C /* Build configuration list for PBXProject "BDemo" */ = {
			isa = XCConfigurationList;
			buildConfigurations = (
				BD1E1E9B2663ABB700AB9F8C /* Debug */,
				BD1E1E9C2663ABB700AB9F8C /* Release */,
			);
			defaultConfigurationIsVisible = 0;
			defaultConfigurationName = Release;
		};
		BD1E1E9D2663ABB700AB9F8C /* Build configuration list for PBXNativeTarget "BDemo" */ = {
			isa = XCConfigurationList;
			buildConfigurations = (
				BD1E1E9E2663ABB700AB9F8C /* Debug */,
				BD1E1E9F2663ABB700AB9F8C /* Release */,
			);
			defaultConfigurationIsVisible = 0;
			defaultConfigurationName = Release;
		};
		BD1E1EE82668411C00AB9F8C /* Build configuration list for PBXNativeTarget "BDemoTests" */ = {
			isa = XCConfigurationList;
			buildConfigurations = (
				BD1E1EE92668411C00AB9F8C /* Debug */,
				BD1E1EEA2668411C00AB9F8C /* Release */,
			);
			defaultConfigurationIsVisible = 0;
			defaultConfigurationName = Release;
		};
/* End XCConfigurationList section */
	};
	rootObject = BD1E1E812663ABB300AB9F8C /* Project object */;
}
